
Microsoft Visual Studio Solution File, Format Version 12.00
# Visual Studio Version 17
VisualStudioVersion = 17.10.34916.146
MinimumVisualStudioVersion = 10.0.40219.1
Project("{9A19103F-16F7-4668-BE54-9A1E7A4F7556}") = "oot-completion-calculator", "oot-completion-calculator\oot-completion-calculator.csproj", "{60E4DD6A-AA05-418D-9944-7B7ACDF0073A}"
EndProject
Project("{FAE04EC0-301F-11D3-BF4B-00C04F79EFBC}") = "oot-cc-testing", "oot-cc-testing\oot-cc-testing.csproj", "{16E16422-535A-480B-8AE9-E88B8899E8F8}"
EndProject
Global
	GlobalSection(SolutionConfigurationPlatforms) = preSolution
		Debug|Any CPU = Debug|Any CPU
		Release|Any CPU = Release|Any CPU
	EndGlobalSection
	GlobalSection(ProjectConfigurationPlatforms) = postSolution
		{60E4DD6A-AA05-418D-9944-7B7ACDF0073A}.Debug|Any CPU.ActiveCfg = Debug|Any CPU
		{60E4DD6A-AA05-418D-9944-7B7ACDF0073A}.Debug|Any CPU.Build.0 = Debug|Any CPU
		{60E4DD6A-AA05-418D-9944-7B7ACDF0073A}.Release|Any CPU.ActiveCfg = Release|Any CPU
		{60E4DD6A-AA05-418D-9944-7B7ACDF0073A}.Release|Any CPU.Build.0 = Release|Any CPU
		{16E16422-535A-480B-8AE9-E88B8899E8F8}.Debug|Any CPU.ActiveCfg = Debug|Any CPU
		{16E16422-535A-480B-8AE9-E88B8899E8F8}.Debug|Any CPU.Build.0 = Debug|Any CPU
		{16E16422-535A-480B-8AE9-E88B8899E8F8}.Release|Any CPU.ActiveCfg = Release|Any CPU
		{16E16422-535A-480B-8AE9-E88B8899E8F8}.Release|Any CPU.Build.0 = Release|Any CPU
	EndGlobalSection
	GlobalSection(SolutionProperties) = preSolution
		HideSolutionNode = FALSE
	EndGlobalSection
	GlobalSection(ExtensibilityGlobals) = postSolution
		SolutionGuid = {5F34CD0E-1A09-4791-9C2B-D9CD19CC7317}
	EndGlobalSection
EndGlobal
